
Microsoft Visual Studio Solution File, Format Version 12.00
# Visual Studio 15
Project("{FAE04EC0-301F-11D3-BF4B-00C04F79EFBC}") = "Assembly-CSharp", "Assembly-CSharp.csproj", "{39FE4F7F-7E4B-ED04-B678-17DA2B40029C}"
EndProject
Project("{FAE04EC0-301F-11D3-BF4B-00C04F79EFBC}") = "InspectorEnhancements.Runtime", "InspectorEnhancements.Runtime.csproj", "{5CF9885D-5145-AC53-01EA-488074057FF2}"
EndProject
Project("{FAE04EC0-301F-11D3-BF4B-00C04F79EFBC}") = "InspectorEnhancements.Editor", "InspectorEnhancements.Editor.csproj", "{CCAAA954-97C1-978F-F440-BA42BEA3BAFD}"
EndProject
Global
	GlobalSection(SolutionConfigurationPlatforms) = preSolution
		Debug|Any CPU = Debug|Any CPU
		Release|Any CPU = Release|Any CPU
	EndGlobalSection
	GlobalSection(ProjectConfigurationPlatforms) = postSolution
		{39FE4F7F-7E4B-ED04-B678-17DA2B40029C}.Debug|Any CPU.ActiveCfg = Debug|Any CPU
		{39FE4F7F-7E4B-ED04-B678-17DA2B40029C}.Debug|Any CPU.Build.0 = Debug|Any CPU
		{39FE4F7F-7E4B-ED04-B678-17DA2B40029C}.Release|Any CPU.ActiveCfg = Release|Any CPU
		{39FE4F7F-7E4B-ED04-B678-17DA2B40029C}.Release|Any CPU.Build.0 = Release|Any CPU
		{5CF9885D-5145-AC53-01EA-488074057FF2}.Debug|Any CPU.ActiveCfg = Debug|Any CPU
		{5CF9885D-5145-AC53-01EA-488074057FF2}.Debug|Any CPU.Build.0 = Debug|Any CPU
		{5CF9885D-5145-AC53-01EA-488074057FF2}.Release|Any CPU.ActiveCfg = Release|Any CPU
		{5CF9885D-5145-AC53-01EA-488074057FF2}.Release|Any CPU.Build.0 = Release|Any CPU
		{CCAAA954-97C1-978F-F440-BA42BEA3BAFD}.Debug|Any CPU.ActiveCfg = Debug|Any CPU
		{CCAAA954-97C1-978F-F440-BA42BEA3BAFD}.Debug|Any CPU.Build.0 = Debug|Any CPU
		{CCAAA954-97C1-978F-F440-BA42BEA3BAFD}.Release|Any CPU.ActiveCfg = Release|Any CPU
		{CCAAA954-97C1-978F-F440-BA42BEA3BAFD}.Release|Any CPU.Build.0 = Release|Any CPU
	EndGlobalSection
	GlobalSection(SolutionProperties) = preSolution
		HideSolutionNode = FALSE
	EndGlobalSection
EndGlobal
